
Microsoft Visual Studio Solution File, Format Version 12.00
# Visual Studio Version 17
VisualStudioVersion = 17.7.34031.279
MinimumVisualStudioVersion = 10.0.40219.1
Project("{FAE04EC0-301F-11D3-BF4B-00C04F79EFBC}") = "WinFormsApp1", "WinFormsApp1\WinFormsApp1.csproj", "{7A5BC76F-B97E-4B43-A93C-9952EFD7454A}"
EndProject
Global
	GlobalSection(SolutionConfigurationPlatforms) = preSolution
		Debug|Any CPU = Debug|Any CPU
		Release|Any CPU = Release|Any CPU
	EndGlobalSection
	GlobalSection(ProjectConfigurationPlatforms) = postSolution
		{7A5BC76F-B97E-4B43-A93C-9952EFD7454A}.Debug|Any CPU.ActiveCfg = Debug|Any CPU
		{7A5BC76F-B97E-4B43-A93C-9952EFD7454A}.Debug|Any CPU.Build.0 = Debug|Any CPU
		{7A5BC76F-B97E-4B43-A93C-9952EFD7454A}.Release|Any CPU.ActiveCfg = Release|Any CPU
		{7A5BC76F-B97E-4B43-A93C-9952EFD7454A}.Release|Any CPU.Build.0 = Release|Any CPU
	EndGlobalSection
	GlobalSection(SolutionProperties) = preSolution
		HideSolutionNode = FALSE
	EndGlobalSection
	GlobalSection(ExtensibilityGlobals) = postSolution
		SolutionGuid = {57713C86-AE7B-4600-AA1B-236409BA80C9}
	EndGlobalSection
EndGlobal
